
Microsoft Visual Studio Solution File, Format Version 12.00
# Visual Studio Version 17
VisualStudioVersion = 17.4.33213.308
MinimumVisualStudioVersion = 10.0.40219.1
Project("{8BC9CEB8-8B4A-11D0-8D11-00A0C91BC942}") = "First10kBruteforcer", "First10kBruteforcer\First10kBruteforcer.vcxproj", "{56620771-B74B-4EC7-A555-3038D1985E27}"
EndProject
Project("{8BC9CEB8-8B4A-11D0-8D11-00A0C91BC942}") = "HighSpeedGPURouter", "HighSpeedGPURouter\HighSpeedGPURouter.vcxproj", "{8AC53D90-60A6-4657-8986-910DCFCF61F8}"
EndProject
Global
	GlobalSection(SolutionConfigurationPlatforms) = preSolution
		Debug|x64 = Debug|x64
		Release|x64 = Release|x64
	EndGlobalSection
	GlobalSection(ProjectConfigurationPlatforms) = postSolution
		{56620771-B74B-4EC7-A555-3038D1985E27}.Debug|x64.ActiveCfg = Debug|x64
		{56620771-B74B-4EC7-A555-3038D1985E27}.Debug|x64.Build.0 = Debug|x64
		{56620771-B74B-4EC7-A555-3038D1985E27}.Release|x64.ActiveCfg = Release|x64
		{56620771-B74B-4EC7-A555-3038D1985E27}.Release|x64.Build.0 = Release|x64
		{8AC53D90-60A6-4657-8986-910DCFCF61F8}.Debug|x64.ActiveCfg = Debug|x64
		{8AC53D90-60A6-4657-8986-910DCFCF61F8}.Debug|x64.Build.0 = Debug|x64
		{8AC53D90-60A6-4657-8986-910DCFCF61F8}.Release|x64.ActiveCfg = Release|x64
		{8AC53D90-60A6-4657-8986-910DCFCF61F8}.Release|x64.Build.0 = Release|x64
	EndGlobalSection
	GlobalSection(SolutionProperties) = preSolution
		HideSolutionNode = FALSE
	EndGlobalSection
	GlobalSection(ExtensibilityGlobals) = postSolution
		SolutionGuid = {0267FD8C-7374-4161-B094-B11E277A0EEF}
	EndGlobalSection
EndGlobal
